
Microsoft Visual Studio Solution File, Format Version 12.00
# Visual Studio Version 17
VisualStudioVersion = 17.7.34031.279
MinimumVisualStudioVersion = 10.0.40219.1
Project("{FAE04EC0-301F-11D3-BF4B-00C04F79EFBC}") = "Week2", "Week2\Week2.csproj", "{1A5DF76C-1B07-4837-B356-A75DD4778721}"
EndProject
Project("{FAE04EC0-301F-11D3-BF4B-00C04F79EFBC}") = "UserGenderValidation", "UserAgeValidation\UserGenderValidation.csproj", "{3C8EDAD7-2D51-43F7-B98E-A78F2F342F27}"
EndProject
Project("{FAE04EC0-301F-11D3-BF4B-00C04F79EFBC}") = "UserAgeValidation1", "UserAgeValidation1\UserAgeValidation1.csproj", "{FF4E1EAF-6DF3-4176-98ED-D4A755B9D1B7}"
EndProject
Global
	GlobalSection(SolutionConfigurationPlatforms) = preSolution
		Debug|Any CPU = Debug|Any CPU
		Release|Any CPU = Release|Any CPU
	EndGlobalSection
	GlobalSection(ProjectConfigurationPlatforms) = postSolution
		{1A5DF76C-1B07-4837-B356-A75DD4778721}.Debug|Any CPU.ActiveCfg = Debug|Any CPU
		{1A5DF76C-1B07-4837-B356-A75DD4778721}.Debug|Any CPU.Build.0 = Debug|Any CPU
		{1A5DF76C-1B07-4837-B356-A75DD4778721}.Release|Any CPU.ActiveCfg = Release|Any CPU
		{1A5DF76C-1B07-4837-B356-A75DD4778721}.Release|Any CPU.Build.0 = Release|Any CPU
		{3C8EDAD7-2D51-43F7-B98E-A78F2F342F27}.Debug|Any CPU.ActiveCfg = Debug|Any CPU
		{3C8EDAD7-2D51-43F7-B98E-A78F2F342F27}.Debug|Any CPU.Build.0 = Debug|Any CPU
		{3C8EDAD7-2D51-43F7-B98E-A78F2F342F27}.Release|Any CPU.ActiveCfg = Release|Any CPU
		{3C8EDAD7-2D51-43F7-B98E-A78F2F342F27}.Release|Any CPU.Build.0 = Release|Any CPU
		{FF4E1EAF-6DF3-4176-98ED-D4A755B9D1B7}.Debug|Any CPU.ActiveCfg = Debug|Any CPU
		{FF4E1EAF-6DF3-4176-98ED-D4A755B9D1B7}.Debug|Any CPU.Build.0 = Debug|Any CPU
		{FF4E1EAF-6DF3-4176-98ED-D4A755B9D1B7}.Release|Any CPU.ActiveCfg = Release|Any CPU
		{FF4E1EAF-6DF3-4176-98ED-D4A755B9D1B7}.Release|Any CPU.Build.0 = Release|Any CPU
	EndGlobalSection
	GlobalSection(SolutionProperties) = preSolution
		HideSolutionNode = FALSE
	EndGlobalSection
	GlobalSection(ExtensibilityGlobals) = postSolution
		SolutionGuid = {50CADFD0-03C8-4F43-8D42-40CB0A5F2A0F}
	EndGlobalSection
EndGlobal
